// !$*UTF8*$!
{
	archiveVersion = 1;
	classes = {
	};
	objectVersion = 77;
	objects = {

/* Begin PBXBuildFile section */
		C34707F42D89FEE10022B17D /* FirebaseFirestore in Frameworks */ = {isa = PBXBuildFile; productRef = C34707F32D89FEE10022B17D /* FirebaseFirestore */; };
		C375284D2D89F6B400A7F2D2 /* FSCalendar in Frameworks */ = {isa = PBXBuildFile; productRef = C375284C2D89F6B400A7F2D2 /* FSCalendar */; };
		C37528522D89F95000A7F2D2 /* FirebaseAuth in Frameworks */ = {isa = PBXBuildFile; productRef = C37528512D89F95000A7F2D2 /* FirebaseAuth */; };
		FACD945F2D90F38A0085E16F /* Vision.framework in Frameworks */ = {isa = PBXBuildFile; fileRef = FACD945E2D90F38A0085E16F /* Vision.framework */; };
		FACD94612D90F39A0085E16F /* VisionKit.framework in Frameworks */ = {isa = PBXBuildFile; fileRef = FACD94602D90F39A0085E16F /* VisionKit.framework */; };
		FACD94632D90F4AC0085E16F /* FirebaseStorage in Frameworks */ = {isa = PBXBuildFile; productRef = FACD94622D90F4AC0085E16F /* FirebaseStorage */; };
/* End PBXBuildFile section */

/* Begin PBXContainerItemProxy section */
		C33C9FBB2D89F068000ACF7B /* PBXContainerItemProxy */ = {
			isa = PBXContainerItemProxy;
			containerPortal = C33C9F9B2D89F066000ACF7B /* Project object */;
			proxyType = 1;
			remoteGlobalIDString = C33C9FA22D89F067000ACF7B;
			remoteInfo = BandSync;
		};
		C33C9FC52D89F068000ACF7B /* PBXContainerItemProxy */ = {
			isa = PBXContainerItemProxy;
			containerPortal = C33C9F9B2D89F066000ACF7B /* Project object */;
			proxyType = 1;
			remoteGlobalIDString = C33C9FA22D89F067000ACF7B;
			remoteInfo = BandSync;
		};
/* End PBXContainerItemProxy section */

/* Begin PBXFileReference section */
		C33C9FA32D89F067000ACF7B /* BandSync.app */ = {isa = PBXFileReference; explicitFileType = wrapper.application; includeInIndex = 0; path = BandSync.app; sourceTree = BUILT_PRODUCTS_DIR; };
		C33C9FBA2D89F068000ACF7B /* BandSyncTests.xctest */ = {isa = PBXFileReference; explicitFileType = wrapper.cfbundle; includeInIndex = 0; path = BandSyncTests.xctest; sourceTree = BUILT_PRODUCTS_DIR; };
		C33C9FC42D89F068000ACF7B /* BandSyncUITests.xctest */ = {isa = PBXFileReference; explicitFileType = wrapper.cfbundle; includeInIndex = 0; path = BandSyncUITests.xctest; sourceTree = BUILT_PRODUCTS_DIR; };
		FACD945E2D90F38A0085E16F /* Vision.framework */ = {isa = PBXFileReference; lastKnownFileType = wrapper.framework; name = Vision.framework; path = Platforms/iPhoneOS.platform/Developer/SDKs/iPhoneOS18.2.sdk/System/Library/Frameworks/Vision.framework; sourceTree = DEVELOPER_DIR; };
		FACD94602D90F39A0085E16F /* VisionKit.framework */ = {isa = PBXFileReference; lastKnownFileType = wrapper.framework; name = VisionKit.framework; path = Platforms/iPhoneOS.platform/Developer/SDKs/iPhoneOS18.2.sdk/System/Library/Frameworks/VisionKit.framework; sourceTree = DEVELOPER_DIR; };
/* End PBXFileReference section */

/* Begin PBXFileSystemSynchronizedBuildFileExceptionSet section */
		C33C9FCC2D89F068000ACF7B /* Exceptions for "BandSync" folder in "BandSync" target */ = {
			isa = PBXFileSystemSynchronizedBuildFileExceptionSet;
			membershipExceptions = (
				Info.plist,
			);
			target = C33C9FA22D89F067000ACF7B /* BandSync */;
		};
/* End PBXFileSystemSynchronizedBuildFileExceptionSet section */

/* Begin PBXFileSystemSynchronizedRootGroup section */
		C33C9FA52D89F067000ACF7B /* BandSync */ = {
			isa = PBXFileSystemSynchronizedRootGroup;
			exceptions = (
				C33C9FCC2D89F068000ACF7B /* Exceptions for "BandSync" folder in "BandSync" target */,
			);
			path = BandSync;
			sourceTree = "<group>";
		};
/* End PBXFileSystemSynchronizedRootGroup section */

/* Begin PBXFrameworksBuildPhase section */
		C33C9FA02D89F067000ACF7B /* Frameworks */ = {
			isa = PBXFrameworksBuildPhase;
			buildActionMask = 2147483647;
			files = (
				FACD94612D90F39A0085E16F /* VisionKit.framework in Frameworks */,
				FACD945F2D90F38A0085E16F /* Vision.framework in Frameworks */,
				C375284D2D89F6B400A7F2D2 /* FSCalendar in Frameworks */,
				C37528522D89F95000A7F2D2 /* FirebaseAuth in Frameworks */,
				C34707F42D89FEE10022B17D /* FirebaseFirestore in Frameworks */,
				FACD94632D90F4AC0085E16F /* FirebaseStorage in Frameworks */,
			);
			runOnlyForDeploymentPostprocessing = 0;
		};
		C33C9FB72D89F068000ACF7B /* Frameworks */ = {
			isa = PBXFrameworksBuildPhase;
			buildActionMask = 2147483647;
			files = (
			);
			runOnlyForDeploymentPostprocessing = 0;
		};
		C33C9FC12D89F068000ACF7B /* Frameworks */ = {
			isa = PBXFrameworksBuildPhase;
			buildActionMask = 2147483647;
			files = (
			);
			runOnlyForDeploymentPostprocessing = 0;
		};
/* End PBXFrameworksBuildPhase section */

/* Begin PBXGroup section */
		C33C9F9A2D89F066000ACF7B = {
			isa = PBXGroup;
			children = (
				C33C9FA52D89F067000ACF7B /* BandSync */,
				C375284B2D89F6B400A7F2D2 /* Frameworks */,
				C33C9FA42D89F067000ACF7B /* Products */,
			);
			sourceTree = "<group>";
		};
		C33C9FA42D89F067000ACF7B /* Products */ = {
			isa = PBXGroup;
			children = (
				C33C9FA32D89F067000ACF7B /* BandSync.app */,
				C33C9FBA2D89F068000ACF7B /* BandSyncTests.xctest */,
				C33C9FC42D89F068000ACF7B /* BandSyncUITests.xctest */,
			);
			name = Products;
			sourceTree = "<group>";
		};
		C375284B2D89F6B400A7F2D2 /* Frameworks */ = {
			isa = PBXGroup;
			children = (
				FACD94602D90F39A0085E16F /* VisionKit.framework */,
				FACD945E2D90F38A0085E16F /* Vision.framework */,
			);
			name = Frameworks;
			sourceTree = "<group>";
		};
/* End PBXGroup section */

/* Begin PBXNativeTarget section */
		C33C9FA22D89F067000ACF7B /* BandSync */ = {
			isa = PBXNativeTarget;
			buildConfigurationList = C33C9FCD2D89F068000ACF7B /* Build configuration list for PBXNativeTarget "BandSync" */;
			buildPhases = (
				C33C9F9F2D89F067000ACF7B /* Sources */,
				C33C9FA02D89F067000ACF7B /* Frameworks */,
				C33C9FA12D89F067000ACF7B /* Resources */,
			);
			buildRules = (
			);
			dependencies = (
			);
			fileSystemSynchronizedGroups = (
				C33C9FA52D89F067000ACF7B /* BandSync */,
			);
			name = BandSync;
			packageProductDependencies = (
				C375284C2D89F6B400A7F2D2 /* FSCalendar */,
				C37528512D89F95000A7F2D2 /* FirebaseAuth */,
				C34707F32D89FEE10022B17D /* FirebaseFirestore */,
				FACD94622D90F4AC0085E16F /* FirebaseStorage */,
			);
			productName = BandSync;
			productReference = C33C9FA32D89F067000ACF7B /* BandSync.app */;
			productType = "com.apple.product-type.application";
		};
		C33C9FB92D89F068000ACF7B /* BandSyncTests */ = {
			isa = PBXNativeTarget;
			buildConfigurationList = C33C9FD22D89F068000ACF7B /* Build configuration list for PBXNativeTarget "BandSyncTests" */;
			buildPhases = (
				C33C9FB62D89F068000ACF7B /* Sources */,
				C33C9FB72D89F068000ACF7B /* Frameworks */,
				C33C9FB82D89F068000ACF7B /* Resources */,
			);
			buildRules = (
			);
			dependencies = (
				C33C9FBC2D89F068000ACF7B /* PBXTargetDependency */,
			);
			name = BandSyncTests;
			packageProductDependencies = (
			);
			productName = BandSyncTests;
			productReference = C33C9FBA2D89F068000ACF7B /* BandSyncTests.xctest */;
			productType = "com.apple.product-type.bundle.unit-test";
		};
		C33C9FC32D89F068000ACF7B /* BandSyncUITests */ = {
			isa = PBXNativeTarget;
			buildConfigurationList = C33C9FD52D89F068000ACF7B /* Build configuration list for PBXNativeTarget "BandSyncUITests" */;
			buildPhases = (
				C33C9FC02D89F068000ACF7B /* Sources */,
				C33C9FC12D89F068000ACF7B /* Frameworks */,
				C33C9FC22D89F068000ACF7B /* Resources */,
			);
			buildRules = (
			);
			dependencies = (
				C33C9FC62D89F068000ACF7B /* PBXTargetDependency */,
			);
			name = BandSyncUITests;
			packageProductDependencies = (
			);
			productName = BandSyncUITests;
			productReference = C33C9FC42D89F068000ACF7B /* BandSyncUITests.xctest */;
			productType = "com.apple.product-type.bundle.ui-testing";
		};
/* End PBXNativeTarget section */

/* Begin PBXProject section */
		C33C9F9B2D89F066000ACF7B /* Project object */ = {
			isa = PBXProject;
			attributes = {
				BuildIndependentTargetsInParallel = 1;
				LastSwiftUpdateCheck = 1620;
				LastUpgradeCheck = 1620;
				TargetAttributes = {
					C33C9FA22D89F067000ACF7B = {
						CreatedOnToolsVersion = 16.2;
					};
					C33C9FB92D89F068000ACF7B = {
						CreatedOnToolsVersion = 16.2;
						TestTargetID = C33C9FA22D89F067000ACF7B;
					};
					C33C9FC32D89F068000ACF7B = {
						CreatedOnToolsVersion = 16.2;
						TestTargetID = C33C9FA22D89F067000ACF7B;
					};
				};
			};
			buildConfigurationList = C33C9F9E2D89F066000ACF7B /* Build configuration list for PBXProject "BandSync" */;
			developmentRegion = en;
			hasScannedForEncodings = 0;
			knownRegions = (
				en,
				Base,
				de,
				uk,
			);
			mainGroup = C33C9F9A2D89F066000ACF7B;
			minimizedProjectReferenceProxies = 1;
			packageReferences = (
				C33C9FFE2D89F500000ACF7B /* XCRemoteSwiftPackageReference "FSCalendar" */,
				C37528502D89F95000A7F2D2 /* XCRemoteSwiftPackageReference "firebase-ios-sdk" */,
			);
			preferredProjectObjectVersion = 77;
			productRefGroup = C33C9FA42D89F067000ACF7B /* Products */;
			projectDirPath = "";
			projectRoot = "";
			targets = (
				C33C9FA22D89F067000ACF7B /* BandSync */,
				C33C9FB92D89F068000ACF7B /* BandSyncTests */,
				C33C9FC32D89F068000ACF7B /* BandSyncUITests */,
			);
		};
/* End PBXProject section */

/* Begin PBXResourcesBuildPhase section */
		C33C9FA12D89F067000ACF7B /* Resources */ = {
			isa = PBXResourcesBuildPhase;
			buildActionMask = 2147483647;
			files = (
			);
			runOnlyForDeploymentPostprocessing = 0;
		};
		C33C9FB82D89F068000ACF7B /* Resources */ = {
			isa = PBXResourcesBuildPhase;
			buildActionMask = 2147483647;
			files = (
			);
			runOnlyForDeploymentPostprocessing = 0;
		};
		C33C9FC22D89F068000ACF7B /* Resources */ = {
			isa = PBXResourcesBuildPhase;
			buildActionMask = 2147483647;
			files = (
			);
			runOnlyForDeploymentPostprocessing = 0;
		};
/* End PBXResourcesBuildPhase section */

/* Begin PBXSourcesBuildPhase section */
		C33C9F9F2D89F067000ACF7B /* Sources */ = {
			isa = PBXSourcesBuildPhase;
			buildActionMask = 2147483647;
			files = (
			);
			runOnlyForDeploymentPostprocessing = 0;
		};
		C33C9FB62D89F068000ACF7B /* Sources */ = {
			isa = PBXSourcesBuildPhase;
			buildActionMask = 2147483647;
			files = (
			);
			runOnlyForDeploymentPostprocessing = 0;
		};
		C33C9FC02D89F068000ACF7B /* Sources */ = {
			isa = PBXSourcesBuildPhase;
			buildActionMask = 2147483647;
			files = (
			);
			runOnlyForDeploymentPostprocessing = 0;
		};
/* End PBXSourcesBuildPhase section */

/* Begin PBXTargetDependency section */
		C33C9FBC2D89F068000ACF7B /* PBXTargetDependency */ = {
			isa = PBXTargetDependency;
			target = C33C9FA22D89F067000ACF7B /* BandSync */;
			targetProxy = C33C9FBB2D89F068000ACF7B /* PBXContainerItemProxy */;
		};
		C33C9FC62D89F068000ACF7B /* PBXTargetDependency */ = {
			isa = PBXTargetDependency;
			target = C33C9FA22D89F067000ACF7B /* BandSync */;
			targetProxy = C33C9FC52D89F068000ACF7B /* PBXContainerItemProxy */;
		};
/* End PBXTargetDependency section */

/* Begin XCBuildConfiguration section */
		C33C9FCE2D89F068000ACF7B /* Debug */ = {
			isa = XCBuildConfiguration;
			buildSettings = {
				ASSETCATALOG_COMPILER_APPICON_NAME = AppIcon;
				ASSETCATALOG_COMPILER_GLOBAL_ACCENT_COLOR_NAME = AccentColor;
				CODE_SIGN_ENTITLEMENTS = BandSync/BandSync.entitlements;
				CODE_SIGN_IDENTITY = "Apple Development";
				CODE_SIGN_STYLE = Automatic;
				CURRENT_PROJECT_VERSION = 1;
				DEVELOPMENT_ASSET_PATHS = "\"BandSync/Preview Content\"";
				DEVELOPMENT_TEAM = "";
				ENABLE_HARDENED_RUNTIME = YES;
				ENABLE_PREVIEWS = YES;
				GENERATE_INFOPLIST_FILE = YES;
				INFOPLIST_FILE = BandSync/Info.plist;
				INFOPLIST_KEY_LSApplicationCategoryType = "";
				"INFOPLIST_KEY_UIApplicationSceneManifest_Generation[sdk=iphoneos*]" = YES;
				"INFOPLIST_KEY_UIApplicationSceneManifest_Generation[sdk=iphonesimulator*]" = YES;
				"INFOPLIST_KEY_UIApplicationSupportsIndirectInputEvents[sdk=iphoneos*]" = YES;
				"INFOPLIST_KEY_UIApplicationSupportsIndirectInputEvents[sdk=iphonesimulator*]" = YES;
				"INFOPLIST_KEY_UILaunchScreen_Generation[sdk=iphoneos*]" = YES;
				"INFOPLIST_KEY_UILaunchScreen_Generation[sdk=iphonesimulator*]" = YES;
				"INFOPLIST_KEY_UIStatusBarStyle[sdk=iphoneos*]" = UIStatusBarStyleDefault;
				"INFOPLIST_KEY_UIStatusBarStyle[sdk=iphonesimulator*]" = UIStatusBarStyleDefault;
				INFOPLIST_KEY_UISupportedInterfaceOrientations_iPad = "UIInterfaceOrientationPortrait UIInterfaceOrientationPortraitUpsideDown UIInterfaceOrientationLandscapeLeft UIInterfaceOrientationLandscapeRight";
				INFOPLIST_KEY_UISupportedInterfaceOrientations_iPhone = "UIInterfaceOrientationPortrait UIInterfaceOrientationLandscapeLeft UIInterfaceOrientationLandscapeRight";
				IPHONEOS_DEPLOYMENT_TARGET = 18.2;
				LD_RUNPATH_SEARCH_PATHS = "@executable_path/Frameworks";
				"LD_RUNPATH_SEARCH_PATHS[sdk=macosx*]" = "@executable_path/../Frameworks";
				MACOSX_DEPLOYMENT_TARGET = 15.2;
				MARKETING_VERSION = 1.0;
				PRODUCT_BUNDLE_IDENTIFIER = com.sixsters.BandSync;
				PRODUCT_NAME = "$(TARGET_NAME)";
				PROVISIONING_PROFILE_SPECIFIER = "";
				SDKROOT = auto;
				SUPPORTED_PLATFORMS = "iphoneos iphonesimulator macosx xros xrsimulator";
				SWIFT_EMIT_LOC_STRINGS = YES;
				SWIFT_VERSION = 5.0;
				TARGETED_DEVICE_FAMILY = "1,2,7";
				XROS_DEPLOYMENT_TARGET = 2.2;
			};
			name = Debug;
		};
		C33C9FCF2D89F068000ACF7B /* Release */ = {
			isa = XCBuildConfiguration;
			buildSettings = {
				ASSETCATALOG_COMPILER_APPICON_NAME = AppIcon;
				ASSETCATALOG_COMPILER_GLOBAL_ACCENT_COLOR_NAME = AccentColor;
				CODE_SIGN_ENTITLEMENTS = BandSync/BandSync.entitlements;
				CODE_SIGN_IDENTITY = "Apple Development";
				CODE_SIGN_STYLE = Automatic;
				CURRENT_PROJECT_VERSION = 1;
				DEVELOPMENT_ASSET_PATHS = "\"BandSync/Preview Content\"";
				DEVELOPMENT_TEAM = "";
				ENABLE_HARDENED_RUNTIME = YES;
				ENABLE_PREVIEWS = YES;
				GENERATE_INFOPLIST_FILE = YES;
				INFOPLIST_FILE = BandSync/Info.plist;
				INFOPLIST_KEY_LSApplicationCategoryType = "";
				"INFOPLIST_KEY_UIApplicationSceneManifest_Generation[sdk=iphoneos*]" = YES;
				"INFOPLIST_KEY_UIApplicationSceneManifest_Generation[sdk=iphonesimulator*]" = YES;
				"INFOPLIST_KEY_UIApplicationSupportsIndirectInputEvents[sdk=iphoneos*]" = YES;
				"INFOPLIST_KEY_UIApplicationSupportsIndirectInputEvents[sdk=iphonesimulator*]" = YES;
				"INFOPLIST_KEY_UILaunchScreen_Generation[sdk=iphoneos*]" = YES;
				"INFOPLIST_KEY_UILaunchScreen_Generation[sdk=iphonesimulator*]" = YES;
				"INFOPLIST_KEY_UIStatusBarStyle[sdk=iphoneos*]" = UIStatusBarStyleDefault;
				"INFOPLIST_KEY_UIStatusBarStyle[sdk=iphonesimulator*]" = UIStatusBarStyleDefault;
				INFOPLIST_KEY_UISupportedInterfaceOrientations_iPad = "UIInterfaceOrientationPortrait UIInterfaceOrientationPortraitUpsideDown UIInterfaceOrientationLandscapeLeft UIInterfaceOrientationLandscapeRight";
				INFOPLIST_KEY_UISupportedInterfaceOrientations_iPhone = "UIInterfaceOrientationPortrait UIInterfaceOrientationLandscapeLeft UIInterfaceOrientationLandscapeRight";
				IPHONEOS_DEPLOYMENT_TARGET = 18.2;
				LD_RUNPATH_SEARCH_PATHS = "@executable_path/Frameworks";
				"LD_RUNPATH_SEARCH_PATHS[sdk=macosx*]" = "@executable_path/../Frameworks";
				MACOSX_DEPLOYMENT_TARGET = 15.2;
				MARKETING_VERSION = 1.0;
				PRODUCT_BUNDLE_IDENTIFIER = com.sixsters.BandSync;
				PRODUCT_NAME = "$(TARGET_NAME)";
				PROVISIONING_PROFILE_SPECIFIER = "";
				SDKROOT = auto;
				SUPPORTED_PLATFORMS = "iphoneos iphonesimulator macosx xros xrsimulator";
				SWIFT_EMIT_LOC_STRINGS = YES;
				SWIFT_VERSION = 5.0;
				TARGETED_DEVICE_FAMILY = "1,2,7";
				XROS_DEPLOYMENT_TARGET = 2.2;
			};
			name = Release;
		};
		C33C9FD02D89F068000ACF7B /* Debug */ = {
			isa = XCBuildConfiguration;
			buildSettings = {
				ALWAYS_SEARCH_USER_PATHS = NO;
				ASSETCATALOG_COMPILER_GENERATE_SWIFT_ASSET_SYMBOL_EXTENSIONS = YES;
				CLANG_ANALYZER_NONNULL = YES;
				CLANG_ANALYZER_NUMBER_OBJECT_CONVERSION = YES_AGGRESSIVE;
				CLANG_CXX_LANGUAGE_STANDARD = "gnu++20";
				CLANG_ENABLE_MODULES = YES;
				CLANG_ENABLE_OBJC_ARC = YES;
				CLANG_ENABLE_OBJC_WEAK = YES;
				CLANG_WARN_BLOCK_CAPTURE_AUTORELEASING = YES;
				CLANG_WARN_BOOL_CONVERSION = YES;
				CLANG_WARN_COMMA = YES;
				CLANG_WARN_CONSTANT_CONVERSION = YES;
				CLANG_WARN_DEPRECATED_OBJC_IMPLEMENTATIONS = YES;
				CLANG_WARN_DIRECT_OBJC_ISA_USAGE = YES_ERROR;
				CLANG_WARN_DOCUMENTATION_COMMENTS = YES;
				CLANG_WARN_EMPTY_BODY = YES;
				CLANG_WARN_ENUM_CONVERSION = YES;
				CLANG_WARN_INFINITE_RECURSION = YES;
				CLANG_WARN_INT_CONVERSION = YES;
				CLANG_WARN_NON_LITERAL_NULL_CONVERSION = YES;
				CLANG_WARN_OBJC_IMPLICIT_RETAIN_SELF = YES;
				CLANG_WARN_OBJC_LITERAL_CONVERSION = YES;
				CLANG_WARN_OBJC_ROOT_CLASS = YES_ERROR;
				CLANG_WARN_QUOTED_INCLUDE_IN_FRAMEWORK_HEADER = YES;
				CLANG_WARN_RANGE_LOOP_ANALYSIS = YES;
				CLANG_WARN_STRICT_PROTOTYPES = YES;
				CLANG_WARN_SUSPICIOUS_MOVE = YES;
				CLANG_WARN_UNGUARDED_AVAILABILITY = YES_AGGRESSIVE;
				CLANG_WARN_UNREACHABLE_CODE = YES;
				CLANG_WARN__DUPLICATE_METHOD_MATCH = YES;
				COPY_PHASE_STRIP = NO;
				DEBUG_INFORMATION_FORMAT = dwarf;
				ENABLE_STRICT_OBJC_MSGSEND = YES;
				ENABLE_TESTABILITY = YES;
				ENABLE_USER_SCRIPT_SANDBOXING = YES;
				GCC_C_LANGUAGE_STANDARD = gnu17;
				GCC_DYNAMIC_NO_PIC = NO;
				GCC_NO_COMMON_BLOCKS = YES;
				GCC_OPTIMIZATION_LEVEL = 0;
				GCC_PREPROCESSOR_DEFINITIONS = (
					"DEBUG=1",
					"$(inherited)",
				);
				GCC_WARN_64_TO_32_BIT_CONVERSION = YES;
				GCC_WARN_ABOUT_RETURN_TYPE = YES_ERROR;
				GCC_WARN_UNDECLARED_SELECTOR = YES;
				GCC_WARN_UNINITIALIZED_AUTOS = YES_AGGRESSIVE;
				GCC_WARN_UNUSED_FUNCTION = YES;
				GCC_WARN_UNUSED_VARIABLE = YES;
				LOCALIZATION_PREFERS_STRING_CATALOGS = YES;
				MTL_ENABLE_DEBUG_INFO = INCLUDE_SOURCE;
				MTL_FAST_MATH = YES;
				ONLY_ACTIVE_ARCH = YES;
				SWIFT_ACTIVE_COMPILATION_CONDITIONS = "DEBUG $(inherited)";
				SWIFT_EMIT_LOC_STRINGS = YES;
				SWIFT_OPTIMIZATION_LEVEL = "-Onone";
			};
			name = Debug;
		};
		C33C9FD12D89F068000ACF7B /* Release */ = {
			isa = XCBuildConfiguration;
			buildSettings = {
				ALWAYS_SEARCH_USER_PATHS = NO;
				ASSETCATALOG_COMPILER_GENERATE_SWIFT_ASSET_SYMBOL_EXTENSIONS = YES;
				CLANG_ANALYZER_NONNULL = YES;
				CLANG_ANALYZER_NUMBER_OBJECT_CONVERSION = YES_AGGRESSIVE;
				CLANG_CXX_LANGUAGE_STANDARD = "gnu++20";
				CLANG_ENABLE_MODULES = YES;
				CLANG_ENABLE_OBJC_ARC = YES;
				CLANG_ENABLE_OBJC_WEAK = YES;
				CLANG_WARN_BLOCK_CAPTURE_AUTORELEASING = YES;
				CLANG_WARN_BOOL_CONVERSION = YES;
				CLANG_WARN_COMMA = YES;
				CLANG_WARN_CONSTANT_CONVERSION = YES;
				CLANG_WARN_DEPRECATED_OBJC_IMPLEMENTATIONS = YES;
				CLANG_WARN_DIRECT_OBJC_ISA_USAGE = YES_ERROR;
				CLANG_WARN_DOCUMENTATION_COMMENTS = YES;
				CLANG_WARN_EMPTY_BODY = YES;
				CLANG_WARN_ENUM_CONVERSION = YES;
				CLANG_WARN_INFINITE_RECURSION = YES;
				CLANG_WARN_INT_CONVERSION = YES;
				CLANG_WARN_NON_LITERAL_NULL_CONVERSION = YES;
				CLANG_WARN_OBJC_IMPLICIT_RETAIN_SELF = YES;
				CLANG_WARN_OBJC_LITERAL_CONVERSION = YES;
				CLANG_WARN_OBJC_ROOT_CLASS = YES_ERROR;
				CLANG_WARN_QUOTED_INCLUDE_IN_FRAMEWORK_HEADER = YES;
				CLANG_WARN_RANGE_LOOP_ANALYSIS = YES;
				CLANG_WARN_STRICT_PROTOTYPES = YES;
				CLANG_WARN_SUSPICIOUS_MOVE = YES;
				CLANG_WARN_UNGUARDED_AVAILABILITY = YES_AGGRESSIVE;
				CLANG_WARN_UNREACHABLE_CODE = YES;
				CLANG_WARN__DUPLICATE_METHOD_MATCH = YES;
				COPY_PHASE_STRIP = NO;
				DEBUG_INFORMATION_FORMAT = "dwarf-with-dsym";
				ENABLE_NS_ASSERTIONS = NO;
				ENABLE_STRICT_OBJC_MSGSEND = YES;
				ENABLE_USER_SCRIPT_SANDBOXING = YES;
				GCC_C_LANGUAGE_STANDARD = gnu17;
				GCC_NO_COMMON_BLOCKS = YES;
				GCC_WARN_64_TO_32_BIT_CONVERSION = YES;
				GCC_WARN_ABOUT_RETURN_TYPE = YES_ERROR;
				GCC_WARN_UNDECLARED_SELECTOR = YES;
				GCC_WARN_UNINITIALIZED_AUTOS = YES_AGGRESSIVE;
				GCC_WARN_UNUSED_FUNCTION = YES;
				GCC_WARN_UNUSED_VARIABLE = YES;
				LOCALIZATION_PREFERS_STRING_CATALOGS = YES;
				MTL_ENABLE_DEBUG_INFO = NO;
				MTL_FAST_MATH = YES;
				SWIFT_COMPILATION_MODE = wholemodule;
				SWIFT_EMIT_LOC_STRINGS = YES;
			};
			name = Release;
		};
		C33C9FD32D89F068000ACF7B /* Debug */ = {
			isa = XCBuildConfiguration;
			buildSettings = {
				BUNDLE_LOADER = "$(TEST_HOST)";
				CODE_SIGN_STYLE = Automatic;
				CURRENT_PROJECT_VERSION = 1;
				DEVELOPMENT_TEAM = T5DQ99J442;
				GENERATE_INFOPLIST_FILE = YES;
				IPHONEOS_DEPLOYMENT_TARGET = 18.2;
				MACOSX_DEPLOYMENT_TARGET = 15.2;
				MARKETING_VERSION = 1.0;
				PRODUCT_BUNDLE_IDENTIFIER = com.sixsters.BandSyncTests;
				PRODUCT_NAME = "$(TARGET_NAME)";
				SDKROOT = auto;
				SUPPORTED_PLATFORMS = "iphoneos iphonesimulator macosx xros xrsimulator";
				SWIFT_EMIT_LOC_STRINGS = NO;
				SWIFT_VERSION = 5.0;
				TARGETED_DEVICE_FAMILY = "1,2,7";
				TEST_HOST = "$(BUILT_PRODUCTS_DIR)/BandSync.app/$(BUNDLE_EXECUTABLE_FOLDER_PATH)/BandSync";
				XROS_DEPLOYMENT_TARGET = 2.2;
			};
			name = Debug;
		};
		C33C9FD42D89F068000ACF7B /* Release */ = {
			isa = XCBuildConfiguration;
			buildSettings = {
				BUNDLE_LOADER = "$(TEST_HOST)";
				CODE_SIGN_STYLE = Automatic;
				CURRENT_PROJECT_VERSION = 1;
				DEVELOPMENT_TEAM = T5DQ99J442;
				GENERATE_INFOPLIST_FILE = YES;
				IPHONEOS_DEPLOYMENT_TARGET = 18.2;
				MACOSX_DEPLOYMENT_TARGET = 15.2;
				MARKETING_VERSION = 1.0;
				PRODUCT_BUNDLE_IDENTIFIER = com.sixsters.BandSyncTests;
				PRODUCT_NAME = "$(TARGET_NAME)";
				SDKROOT = auto;
				SUPPORTED_PLATFORMS = "iphoneos iphonesimulator macosx xros xrsimulator";
				SWIFT_EMIT_LOC_STRINGS = NO;
				SWIFT_VERSION = 5.0;
				TARGETED_DEVICE_FAMILY = "1,2,7";
				TEST_HOST = "$(BUILT_PRODUCTS_DIR)/BandSync.app/$(BUNDLE_EXECUTABLE_FOLDER_PATH)/BandSync";
				XROS_DEPLOYMENT_TARGET = 2.2;
			};
			name = Release;
		};
		C33C9FD62D89F068000ACF7B /* Debug */ = {
			isa = XCBuildConfiguration;
			buildSettings = {
				CODE_SIGN_STYLE = Automatic;
				CURRENT_PROJECT_VERSION = 1;
				DEVELOPMENT_TEAM = T5DQ99J442;
				GENERATE_INFOPLIST_FILE = YES;
				IPHONEOS_DEPLOYMENT_TARGET = 18.2;
				MACOSX_DEPLOYMENT_TARGET = 15.2;
				MARKETING_VERSION = 1.0;
				PRODUCT_BUNDLE_IDENTIFIER = com.sixsters.BandSyncUITests;
				PRODUCT_NAME = "$(TARGET_NAME)";
				SDKROOT = auto;
				SUPPORTED_PLATFORMS = "iphoneos iphonesimulator macosx xros xrsimulator";
				SWIFT_EMIT_LOC_STRINGS = NO;
				SWIFT_VERSION = 5.0;
				TARGETED_DEVICE_FAMILY = "1,2,7";
				TEST_TARGET_NAME = BandSync;
				XROS_DEPLOYMENT_TARGET = 2.2;
			};
			name = Debug;
		};
		C33C9FD72D89F068000ACF7B /* Release */ = {
			isa = XCBuildConfiguration;
			buildSettings = {
				CODE_SIGN_STYLE = Automatic;
				CURRENT_PROJECT_VERSION = 1;
				DEVELOPMENT_TEAM = T5DQ99J442;
				GENERATE_INFOPLIST_FILE = YES;
				IPHONEOS_DEPLOYMENT_TARGET = 18.2;
				MACOSX_DEPLOYMENT_TARGET = 15.2;
				MARKETING_VERSION = 1.0;
				PRODUCT_BUNDLE_IDENTIFIER = com.sixsters.BandSyncUITests;
				PRODUCT_NAME = "$(TARGET_NAME)";
				SDKROOT = auto;
				SUPPORTED_PLATFORMS = "iphoneos iphonesimulator macosx xros xrsimulator";
				SWIFT_EMIT_LOC_STRINGS = NO;
				SWIFT_VERSION = 5.0;
				TARGETED_DEVICE_FAMILY = "1,2,7";
				TEST_TARGET_NAME = BandSync;
				XROS_DEPLOYMENT_TARGET = 2.2;
			};
			name = Release;
		};
/* End XCBuildConfiguration section */

/* Begin XCConfigurationList section */
		C33C9F9E2D89F066000ACF7B /* Build configuration list for PBXProject "BandSync" */ = {
			isa = XCConfigurationList;
			buildConfigurations = (
				C33C9FD02D89F068000ACF7B /* Debug */,
				C33C9FD12D89F068000ACF7B /* Release */,
			);
			defaultConfigurationIsVisible = 0;
			defaultConfigurationName = Release;
		};
		C33C9FCD2D89F068000ACF7B /* Build configuration list for PBXNativeTarget "BandSync" */ = {
			isa = XCConfigurationList;
			buildConfigurations = (
				C33C9FCE2D89F068000ACF7B /* Debug */,
				C33C9FCF2D89F068000ACF7B /* Release */,
			);
			defaultConfigurationIsVisible = 0;
			defaultConfigurationName = Release;
		};
		C33C9FD22D89F068000ACF7B /* Build configuration list for PBXNativeTarget "BandSyncTests" */ = {
			isa = XCConfigurationList;
			buildConfigurations = (
				C33C9FD32D89F068000ACF7B /* Debug */,
				C33C9FD42D89F068000ACF7B /* Release */,
			);
			defaultConfigurationIsVisible = 0;
			defaultConfigurationName = Release;
		};
		C33C9FD52D89F068000ACF7B /* Build configuration list for PBXNativeTarget "BandSyncUITests" */ = {
			isa = XCConfigurationList;
			buildConfigurations = (
				C33C9FD62D89F068000ACF7B /* Debug */,
				C33C9FD72D89F068000ACF7B /* Release */,
			);
			defaultConfigurationIsVisible = 0;
			defaultConfigurationName = Release;
		};
/* End XCConfigurationList section */

/* Begin XCRemoteSwiftPackageReference section */
		C33C9FFE2D89F500000ACF7B /* XCRemoteSwiftPackageReference "FSCalendar" */ = {
			isa = XCRemoteSwiftPackageReference;
			repositoryURL = "https://github.com/WenchaoD/FSCalendar";
			requirement = {
				kind = upToNextMajorVersion;
				minimumVersion = 2.8.4;
			};
		};
		C37528502D89F95000A7F2D2 /* XCRemoteSwiftPackageReference "firebase-ios-sdk" */ = {
			isa = XCRemoteSwiftPackageReference;
			repositoryURL = "https://github.com/firebase/firebase-ios-sdk";
			requirement = {
				kind = upToNextMajorVersion;
				minimumVersion = 11.10.0;
			};
		};
/* End XCRemoteSwiftPackageReference section */

/* Begin XCSwiftPackageProductDependency section */
		C34707F32D89FEE10022B17D /* FirebaseFirestore */ = {
			isa = XCSwiftPackageProductDependency;
			package = C37528502D89F95000A7F2D2 /* XCRemoteSwiftPackageReference "firebase-ios-sdk" */;
			productName = FirebaseFirestore;
		};
		C375284C2D89F6B400A7F2D2 /* FSCalendar */ = {
			isa = XCSwiftPackageProductDependency;
			package = C33C9FFE2D89F500000ACF7B /* XCRemoteSwiftPackageReference "FSCalendar" */;
			productName = FSCalendar;
		};
		C37528512D89F95000A7F2D2 /* FirebaseAuth */ = {
			isa = XCSwiftPackageProductDependency;
			package = C37528502D89F95000A7F2D2 /* XCRemoteSwiftPackageReference "firebase-ios-sdk" */;
			productName = FirebaseAuth;
		};
		FACD94622D90F4AC0085E16F /* FirebaseStorage */ = {
			isa = XCSwiftPackageProductDependency;
			package = C37528502D89F95000A7F2D2 /* XCRemoteSwiftPackageReference "firebase-ios-sdk" */;
			productName = FirebaseStorage;
		};
/* End XCSwiftPackageProductDependency section */
	};
	rootObject = C33C9F9B2D89F066000ACF7B /* Project object */;
}
